// !$*UTF8*$!
{
	archiveVersion = 1;
	classes = {
	};
	objectVersion = 50;
	objects = {

/* Begin PBXBuildFile section */
		821EE83324FAB50E0058877D /* DeTeXtApp.swift in Sources */ = {isa = PBXBuildFile; fileRef = 821EE82024FAB50C0058877D /* DeTeXtApp.swift */; };
		821EE83424FAB50E0058877D /* DeTeXtApp.swift in Sources */ = {isa = PBXBuildFile; fileRef = 821EE82024FAB50C0058877D /* DeTeXtApp.swift */; };
		821EE83524FAB50E0058877D /* CanvasView.swift in Sources */ = {isa = PBXBuildFile; fileRef = 821EE82124FAB50C0058877D /* CanvasView.swift */; };
		821EE83624FAB50E0058877D /* CanvasView.swift in Sources */ = {isa = PBXBuildFile; fileRef = 821EE82124FAB50C0058877D /* CanvasView.swift */; };
		821EE83724FAB50E0058877D /* Assets.xcassets in Resources */ = {isa = PBXBuildFile; fileRef = 821EE82224FAB50E0058877D /* Assets.xcassets */; };
		821EE83824FAB50E0058877D /* Assets.xcassets in Resources */ = {isa = PBXBuildFile; fileRef = 821EE82224FAB50E0058877D /* Assets.xcassets */; };
		821EE84224FAB5480058877D /* deTeX.mlmodel in Sources */ = {isa = PBXBuildFile; fileRef = 821EE84124FAB5480058877D /* deTeX.mlmodel */; };
		821EE84324FAB5480058877D /* deTeX.mlmodel in Sources */ = {isa = PBXBuildFile; fileRef = 821EE84124FAB5480058877D /* deTeX.mlmodel */; };
		821EE84524FAB54D0058877D /* AboutView.swift in Sources */ = {isa = PBXBuildFile; fileRef = 821EE84424FAB54D0058877D /* AboutView.swift */; };
		821EE84624FAB54D0058877D /* AboutView.swift in Sources */ = {isa = PBXBuildFile; fileRef = 821EE84424FAB54D0058877D /* AboutView.swift */; };
		821EE84824FAB5520058877D /* imageHelpers.swift in Sources */ = {isa = PBXBuildFile; fileRef = 821EE84724FAB5510058877D /* imageHelpers.swift */; };
		821EE84924FAB5520058877D /* imageHelpers.swift in Sources */ = {isa = PBXBuildFile; fileRef = 821EE84724FAB5510058877D /* imageHelpers.swift */; };
		821EE84E24FAB5660058877D /* symbols.json in Resources */ = {isa = PBXBuildFile; fileRef = 821EE84D24FAB5660058877D /* symbols.json */; };
		821EE84F24FAB5660058877D /* symbols.json in Resources */ = {isa = PBXBuildFile; fileRef = 821EE84D24FAB5660058877D /* symbols.json */; };
		825C411424FEBDB100B02DF9 /* commandsJSON.swift in Sources */ = {isa = PBXBuildFile; fileRef = 825C411324FEBDB100B02DF9 /* commandsJSON.swift */; };
		825C411524FEBDB100B02DF9 /* commandsJSON.swift in Sources */ = {isa = PBXBuildFile; fileRef = 825C411324FEBDB100B02DF9 /* commandsJSON.swift */; };
		82B52B95250135D60086A380 /* neuromorphicExtensions.swift in Sources */ = {isa = PBXBuildFile; fileRef = 82B52B94250135D60086A380 /* neuromorphicExtensions.swift */; };
		82B52B96250135D60086A380 /* neuromorphicExtensions.swift in Sources */ = {isa = PBXBuildFile; fileRef = 82B52B94250135D60086A380 /* neuromorphicExtensions.swift */; };
/* End PBXBuildFile section */

/* Begin PBXFileReference section */
		821EE82024FAB50C0058877D /* DeTeXtApp.swift */ = {isa = PBXFileReference; lastKnownFileType = sourcecode.swift; path = DeTeXtApp.swift; sourceTree = "<group>"; };
		821EE82124FAB50C0058877D /* CanvasView.swift */ = {isa = PBXFileReference; lastKnownFileType = sourcecode.swift; path = CanvasView.swift; sourceTree = "<group>"; };
		821EE82224FAB50E0058877D /* Assets.xcassets */ = {isa = PBXFileReference; lastKnownFileType = folder.assetcatalog; path = Assets.xcassets; sourceTree = "<group>"; };
		821EE82724FAB50E0058877D /* DeTeXt.app */ = {isa = PBXFileReference; explicitFileType = wrapper.application; includeInIndex = 0; path = DeTeXt.app; sourceTree = BUILT_PRODUCTS_DIR; };
		821EE82A24FAB50E0058877D /* Info.plist */ = {isa = PBXFileReference; lastKnownFileType = text.plist.xml; path = Info.plist; sourceTree = "<group>"; };
		821EE82F24FAB50E0058877D /* DeTeXt.app */ = {isa = PBXFileReference; explicitFileType = wrapper.application; includeInIndex = 0; path = DeTeXt.app; sourceTree = BUILT_PRODUCTS_DIR; };
		821EE83124FAB50E0058877D /* Info.plist */ = {isa = PBXFileReference; lastKnownFileType = text.plist.xml; path = Info.plist; sourceTree = "<group>"; };
		821EE83224FAB50E0058877D /* macOS.entitlements */ = {isa = PBXFileReference; lastKnownFileType = text.plist.entitlements; path = macOS.entitlements; sourceTree = "<group>"; };
		821EE84124FAB5480058877D /* deTeX.mlmodel */ = {isa = PBXFileReference; lastKnownFileType = file.mlmodel; path = deTeX.mlmodel; sourceTree = "<group>"; };
		821EE84424FAB54D0058877D /* AboutView.swift */ = {isa = PBXFileReference; fileEncoding = 4; lastKnownFileType = sourcecode.swift; path = AboutView.swift; sourceTree = "<group>"; };
		821EE84724FAB5510058877D /* imageHelpers.swift */ = {isa = PBXFileReference; fileEncoding = 4; lastKnownFileType = sourcecode.swift; path = imageHelpers.swift; sourceTree = "<group>"; };
		821EE84D24FAB5660058877D /* symbols.json */ = {isa = PBXFileReference; fileEncoding = 4; lastKnownFileType = text.json; path = symbols.json; sourceTree = "<group>"; };
		825C411324FEBDB100B02DF9 /* commandsJSON.swift */ = {isa = PBXFileReference; lastKnownFileType = sourcecode.swift; path = commandsJSON.swift; sourceTree = "<group>"; };
		82B52B94250135D60086A380 /* neuromorphicExtensions.swift */ = {isa = PBXFileReference; lastKnownFileType = sourcecode.swift; path = neuromorphicExtensions.swift; sourceTree = "<group>"; };
/* End PBXFileReference section */

/* Begin PBXFrameworksBuildPhase section */
		821EE82424FAB50E0058877D /* Frameworks */ = {
			isa = PBXFrameworksBuildPhase;
			buildActionMask = 2147483647;
			files = (
			);
			runOnlyForDeploymentPostprocessing = 0;
		};
		821EE82C24FAB50E0058877D /* Frameworks */ = {
			isa = PBXFrameworksBuildPhase;
			buildActionMask = 2147483647;
			files = (
			);
			runOnlyForDeploymentPostprocessing = 0;
		};
/* End PBXFrameworksBuildPhase section */

/* Begin PBXGroup section */
		821EE81A24FAB50C0058877D = {
			isa = PBXGroup;
			children = (
				821EE81F24FAB50C0058877D /* Shared */,
				821EE82924FAB50E0058877D /* iOS */,
				821EE83024FAB50E0058877D /* macOS */,
				821EE82824FAB50E0058877D /* Products */,
			);
			sourceTree = "<group>";
		};
		821EE81F24FAB50C0058877D /* Shared */ = {
			isa = PBXGroup;
			children = (
				821EE82024FAB50C0058877D /* DeTeXtApp.swift */,
				821EE82124FAB50C0058877D /* CanvasView.swift */,
				821EE84424FAB54D0058877D /* AboutView.swift */,
				821EE84724FAB5510058877D /* imageHelpers.swift */,
				82B52B94250135D60086A380 /* neuromorphicExtensions.swift */,
				825C411324FEBDB100B02DF9 /* commandsJSON.swift */,
				821EE84124FAB5480058877D /* deTeX.mlmodel */,
				821EE84D24FAB5660058877D /* symbols.json */,
				821EE82224FAB50E0058877D /* Assets.xcassets */,
			);
			path = Shared;
			sourceTree = "<group>";
		};
		821EE82824FAB50E0058877D /* Products */ = {
			isa = PBXGroup;
			children = (
				821EE82724FAB50E0058877D /* DeTeXt.app */,
				821EE82F24FAB50E0058877D /* DeTeXt.app */,
			);
			name = Products;
			sourceTree = "<group>";
		};
		821EE82924FAB50E0058877D /* iOS */ = {
			isa = PBXGroup;
			children = (
				821EE82A24FAB50E0058877D /* Info.plist */,
			);
			path = iOS;
			sourceTree = "<group>";
		};
		821EE83024FAB50E0058877D /* macOS */ = {
			isa = PBXGroup;
			children = (
				821EE83124FAB50E0058877D /* Info.plist */,
				821EE83224FAB50E0058877D /* macOS.entitlements */,
			);
			path = macOS;
			sourceTree = "<group>";
		};
/* End PBXGroup section */

/* Begin PBXNativeTarget section */
		821EE82624FAB50E0058877D /* iOS */ = {
			isa = PBXNativeTarget;
			buildConfigurationList = 821EE83B24FAB50E0058877D /* Build configuration list for PBXNativeTarget "iOS" */;
			buildPhases = (
				821EE82324FAB50E0058877D /* Sources */,
				821EE82424FAB50E0058877D /* Frameworks */,
				821EE82524FAB50E0058877D /* Resources */,
			);
			buildRules = (
			);
			dependencies = (
			);
			name = iOS;
			productName = iOS;
			productReference = 821EE82724FAB50E0058877D /* DeTeXt.app */;
			productType = "com.apple.product-type.application";
		};
		821EE82E24FAB50E0058877D /* macOS */ = {
			isa = PBXNativeTarget;
			buildConfigurationList = 821EE83E24FAB50E0058877D /* Build configuration list for PBXNativeTarget "macOS" */;
			buildPhases = (
				821EE82B24FAB50E0058877D /* Sources */,
				821EE82C24FAB50E0058877D /* Frameworks */,
				821EE82D24FAB50E0058877D /* Resources */,
			);
			buildRules = (
			);
			dependencies = (
			);
			name = macOS;
			productName = macOS;
			productReference = 821EE82F24FAB50E0058877D /* DeTeXt.app */;
			productType = "com.apple.product-type.application";
		};
/* End PBXNativeTarget section */

/* Begin PBXProject section */
		821EE81B24FAB50C0058877D /* Project object */ = {
			isa = PBXProject;
			attributes = {
				LastSwiftUpdateCheck = 1200;
				LastUpgradeCheck = 1200;
				TargetAttributes = {
					821EE82624FAB50E0058877D = {
						CreatedOnToolsVersion = 12.0;
					};
					821EE82E24FAB50E0058877D = {
						CreatedOnToolsVersion = 12.0;
					};
				};
			};
			buildConfigurationList = 821EE81E24FAB50C0058877D /* Build configuration list for PBXProject "DeTeXt" */;
			compatibilityVersion = "Xcode 9.3";
			developmentRegion = en;
			hasScannedForEncodings = 0;
			knownRegions = (
				en,
				Base,
			);
			mainGroup = 821EE81A24FAB50C0058877D;
			productRefGroup = 821EE82824FAB50E0058877D /* Products */;
			projectDirPath = "";
			projectRoot = "";
			targets = (
				821EE82624FAB50E0058877D /* iOS */,
				821EE82E24FAB50E0058877D /* macOS */,
			);
		};
/* End PBXProject section */

/* Begin PBXResourcesBuildPhase section */
		821EE82524FAB50E0058877D /* Resources */ = {
			isa = PBXResourcesBuildPhase;
			buildActionMask = 2147483647;
			files = (
				821EE83724FAB50E0058877D /* Assets.xcassets in Resources */,
				821EE84E24FAB5660058877D /* symbols.json in Resources */,
			);
			runOnlyForDeploymentPostprocessing = 0;
		};
		821EE82D24FAB50E0058877D /* Resources */ = {
			isa = PBXResourcesBuildPhase;
			buildActionMask = 2147483647;
			files = (
				821EE83824FAB50E0058877D /* Assets.xcassets in Resources */,
				821EE84F24FAB5660058877D /* symbols.json in Resources */,
			);
			runOnlyForDeploymentPostprocessing = 0;
		};
/* End PBXResourcesBuildPhase section */

/* Begin PBXSourcesBuildPhase section */
		821EE82324FAB50E0058877D /* Sources */ = {
			isa = PBXSourcesBuildPhase;
			buildActionMask = 2147483647;
			files = (
				821EE83524FAB50E0058877D /* CanvasView.swift in Sources */,
				825C411424FEBDB100B02DF9 /* commandsJSON.swift in Sources */,
				821EE84524FAB54D0058877D /* AboutView.swift in Sources */,
				821EE83324FAB50E0058877D /* DeTeXtApp.swift in Sources */,
				82B52B95250135D60086A380 /* neuromorphicExtensions.swift in Sources */,
				821EE84224FAB5480058877D /* deTeX.mlmodel in Sources */,
				821EE84824FAB5520058877D /* imageHelpers.swift in Sources */,
			);
			runOnlyForDeploymentPostprocessing = 0;
		};
		821EE82B24FAB50E0058877D /* Sources */ = {
			isa = PBXSourcesBuildPhase;
			buildActionMask = 2147483647;
			files = (
				821EE83624FAB50E0058877D /* CanvasView.swift in Sources */,
				825C411524FEBDB100B02DF9 /* commandsJSON.swift in Sources */,
				821EE84624FAB54D0058877D /* AboutView.swift in Sources */,
				821EE83424FAB50E0058877D /* DeTeXtApp.swift in Sources */,
				82B52B96250135D60086A380 /* neuromorphicExtensions.swift in Sources */,
				821EE84324FAB5480058877D /* deTeX.mlmodel in Sources */,
				821EE84924FAB5520058877D /* imageHelpers.swift in Sources */,
			);
			runOnlyForDeploymentPostprocessing = 0;
		};
/* End PBXSourcesBuildPhase section */

/* Begin XCBuildConfiguration section */
		821EE83924FAB50E0058877D /* Debug */ = {
			isa = XCBuildConfiguration;
			buildSettings = {
				ALWAYS_SEARCH_USER_PATHS = NO;
				CLANG_ANALYZER_NONNULL = YES;
				CLANG_ANALYZER_NUMBER_OBJECT_CONVERSION = YES_AGGRESSIVE;
				CLANG_CXX_LANGUAGE_STANDARD = "gnu++14";
				CLANG_CXX_LIBRARY = "libc++";
				CLANG_ENABLE_MODULES = YES;
				CLANG_ENABLE_OBJC_ARC = YES;
				CLANG_ENABLE_OBJC_WEAK = YES;
				CLANG_WARN_BLOCK_CAPTURE_AUTORELEASING = YES;
				CLANG_WARN_BOOL_CONVERSION = YES;
				CLANG_WARN_COMMA = YES;
				CLANG_WARN_CONSTANT_CONVERSION = YES;
				CLANG_WARN_DEPRECATED_OBJC_IMPLEMENTATIONS = YES;
				CLANG_WARN_DIRECT_OBJC_ISA_USAGE = YES_ERROR;
				CLANG_WARN_DOCUMENTATION_COMMENTS = YES;
				CLANG_WARN_EMPTY_BODY = YES;
				CLANG_WARN_ENUM_CONVERSION = YES;
				CLANG_WARN_INFINITE_RECURSION = YES;
				CLANG_WARN_INT_CONVERSION = YES;
				CLANG_WARN_NON_LITERAL_NULL_CONVERSION = YES;
				CLANG_WARN_OBJC_IMPLICIT_RETAIN_SELF = YES;
				CLANG_WARN_OBJC_LITERAL_CONVERSION = YES;
				CLANG_WARN_OBJC_ROOT_CLASS = YES_ERROR;
				CLANG_WARN_QUOTED_INCLUDE_IN_FRAMEWORK_HEADER = YES;
				CLANG_WARN_RANGE_LOOP_ANALYSIS = YES;
				CLANG_WARN_STRICT_PROTOTYPES = YES;
				CLANG_WARN_SUSPICIOUS_MOVE = YES;
				CLANG_WARN_UNGUARDED_AVAILABILITY = YES_AGGRESSIVE;
				CLANG_WARN_UNREACHABLE_CODE = YES;
				CLANG_WARN__DUPLICATE_METHOD_MATCH = YES;
				COPY_PHASE_STRIP = NO;
				DEBUG_INFORMATION_FORMAT = dwarf;
				ENABLE_STRICT_OBJC_MSGSEND = YES;
				ENABLE_TESTABILITY = YES;
				GCC_C_LANGUAGE_STANDARD = gnu11;
				GCC_DYNAMIC_NO_PIC = NO;
				GCC_NO_COMMON_BLOCKS = YES;
				GCC_OPTIMIZATION_LEVEL = 0;
				GCC_PREPROCESSOR_DEFINITIONS = (
					"DEBUG=1",
					"$(inherited)",
				);
				GCC_WARN_64_TO_32_BIT_CONVERSION = YES;
				GCC_WARN_ABOUT_RETURN_TYPE = YES_ERROR;
				GCC_WARN_UNDECLARED_SELECTOR = YES;
				GCC_WARN_UNINITIALIZED_AUTOS = YES_AGGRESSIVE;
				GCC_WARN_UNUSED_FUNCTION = YES;
				GCC_WARN_UNUSED_VARIABLE = YES;
				MTL_ENABLE_DEBUG_INFO = INCLUDE_SOURCE;
				MTL_FAST_MATH = YES;
				ONLY_ACTIVE_ARCH = YES;
				SWIFT_ACTIVE_COMPILATION_CONDITIONS = DEBUG;
				SWIFT_OPTIMIZATION_LEVEL = "-Onone";
			};
			name = Debug;
		};
		821EE83A24FAB50E0058877D /* Release */ = {
			isa = XCBuildConfiguration;
			buildSettings = {
				ALWAYS_SEARCH_USER_PATHS = NO;
				CLANG_ANALYZER_NONNULL = YES;
				CLANG_ANALYZER_NUMBER_OBJECT_CONVERSION = YES_AGGRESSIVE;
				CLANG_CXX_LANGUAGE_STANDARD = "gnu++14";
				CLANG_CXX_LIBRARY = "libc++";
				CLANG_ENABLE_MODULES = YES;
				CLANG_ENABLE_OBJC_ARC = YES;
				CLANG_ENABLE_OBJC_WEAK = YES;
				CLANG_WARN_BLOCK_CAPTURE_AUTORELEASING = YES;
				CLANG_WARN_BOOL_CONVERSION = YES;
				CLANG_WARN_COMMA = YES;
				CLANG_WARN_CONSTANT_CONVERSION = YES;
				CLANG_WARN_DEPRECATED_OBJC_IMPLEMENTATIONS = YES;
				CLANG_WARN_DIRECT_OBJC_ISA_USAGE = YES_ERROR;
				CLANG_WARN_DOCUMENTATION_COMMENTS = YES;
				CLANG_WARN_EMPTY_BODY = YES;
				CLANG_WARN_ENUM_CONVERSION = YES;
				CLANG_WARN_INFINITE_RECURSION = YES;
				CLANG_WARN_INT_CONVERSION = YES;
				CLANG_WARN_NON_LITERAL_NULL_CONVERSION = YES;
				CLANG_WARN_OBJC_IMPLICIT_RETAIN_SELF = YES;
				CLANG_WARN_OBJC_LITERAL_CONVERSION = YES;
				CLANG_WARN_OBJC_ROOT_CLASS = YES_ERROR;
				CLANG_WARN_QUOTED_INCLUDE_IN_FRAMEWORK_HEADER = YES;
				CLANG_WARN_RANGE_LOOP_ANALYSIS = YES;
				CLANG_WARN_STRICT_PROTOTYPES = YES;
				CLANG_WARN_SUSPICIOUS_MOVE = YES;
				CLANG_WARN_UNGUARDED_AVAILABILITY = YES_AGGRESSIVE;
				CLANG_WARN_UNREACHABLE_CODE = YES;
				CLANG_WARN__DUPLICATE_METHOD_MATCH = YES;
				COPY_PHASE_STRIP = NO;
				DEBUG_INFORMATION_FORMAT = "dwarf-with-dsym";
				ENABLE_NS_ASSERTIONS = NO;
				ENABLE_STRICT_OBJC_MSGSEND = YES;
				GCC_C_LANGUAGE_STANDARD = gnu11;
				GCC_NO_COMMON_BLOCKS = YES;
				GCC_WARN_64_TO_32_BIT_CONVERSION = YES;
				GCC_WARN_ABOUT_RETURN_TYPE = YES_ERROR;
				GCC_WARN_UNDECLARED_SELECTOR = YES;
				GCC_WARN_UNINITIALIZED_AUTOS = YES_AGGRESSIVE;
				GCC_WARN_UNUSED_FUNCTION = YES;
				GCC_WARN_UNUSED_VARIABLE = YES;
				MTL_ENABLE_DEBUG_INFO = NO;
				MTL_FAST_MATH = YES;
				SWIFT_COMPILATION_MODE = wholemodule;
				SWIFT_OPTIMIZATION_LEVEL = "-O";
			};
			name = Release;
		};
		821EE83C24FAB50E0058877D /* Debug */ = {
			isa = XCBuildConfiguration;
			buildSettings = {
				ASSETCATALOG_COMPILER_APPICON_NAME = AppIcon;
				ASSETCATALOG_COMPILER_GLOBAL_ACCENT_COLOR_NAME = AccentColor;
				CODE_SIGN_STYLE = Automatic;
				DEVELOPMENT_TEAM = Z97T34PPN3;
				ENABLE_PREVIEWS = YES;
				INFOPLIST_FILE = iOS/Info.plist;
				IPHONEOS_DEPLOYMENT_TARGET = 14.0;
				LD_RUNPATH_SEARCH_PATHS = (
					"$(inherited)",
					"@executable_path/Frameworks",
				);
				PRODUCT_BUNDLE_IDENTIFIER = Venkat.DeTeXt;
				PRODUCT_NAME = DeTeXt;
				SDKROOT = iphoneos;
				SWIFT_VERSION = 5.0;
				TARGETED_DEVICE_FAMILY = 1;
			};
			name = Debug;
		};
		821EE83D24FAB50E0058877D /* Release */ = {
			isa = XCBuildConfiguration;
			buildSettings = {
				ASSETCATALOG_COMPILER_APPICON_NAME = AppIcon;
				ASSETCATALOG_COMPILER_GLOBAL_ACCENT_COLOR_NAME = AccentColor;
				CODE_SIGN_STYLE = Automatic;
				DEVELOPMENT_TEAM = Z97T34PPN3;
				ENABLE_PREVIEWS = YES;
				INFOPLIST_FILE = iOS/Info.plist;
				IPHONEOS_DEPLOYMENT_TARGET = 14.0;
				LD_RUNPATH_SEARCH_PATHS = (
					"$(inherited)",
					"@executable_path/Frameworks",
				);
				PRODUCT_BUNDLE_IDENTIFIER = Venkat.DeTeXt;
				PRODUCT_NAME = DeTeXt;
				SDKROOT = iphoneos;
				SWIFT_VERSION = 5.0;
				TARGETED_DEVICE_FAMILY = 1;
				VALIDATE_PRODUCT = YES;
			};
			name = Release;
		};
		821EE83F24FAB50E0058877D /* Debug */ = {
			isa = XCBuildConfiguration;
			buildSettings = {
				ASSETCATALOG_COMPILER_APPICON_NAME = AppIcon;
				ASSETCATALOG_COMPILER_GLOBAL_ACCENT_COLOR_NAME = AccentColor;
				CODE_SIGN_ENTITLEMENTS = macOS/macOS.entitlements;
				CODE_SIGN_STYLE = Automatic;
				COMBINE_HIDPI_IMAGES = YES;
				DEVELOPMENT_TEAM = Z97T34PPN3;
				ENABLE_HARDENED_RUNTIME = YES;
				ENABLE_PREVIEWS = YES;
				INFOPLIST_FILE = macOS/Info.plist;
				LD_RUNPATH_SEARCH_PATHS = (
					"$(inherited)",
					"@executable_path/../Frameworks",
				);
				MACOSX_DEPLOYMENT_TARGET = 10.16;
				PRODUCT_BUNDLE_IDENTIFIER = Venkat.DeTeXt;
				PRODUCT_NAME = DeTeXt;
				SDKROOT = macosx;
				SWIFT_VERSION = 5.0;
			};
			name = Debug;
		};
		821EE84024FAB50E0058877D /* Release */ = {
			isa = XCBuildConfiguration;
			buildSettings = {
				ASSETCATALOG_COMPILER_APPICON_NAME = AppIcon;
				ASSETCATALOG_COMPILER_GLOBAL_ACCENT_COLOR_NAME = AccentColor;
				CODE_SIGN_ENTITLEMENTS = macOS/macOS.entitlements;
				CODE_SIGN_STYLE = Automatic;
				COMBINE_HIDPI_IMAGES = YES;
				DEVELOPMENT_TEAM = Z97T34PPN3;
				ENABLE_HARDENED_RUNTIME = YES;
				ENABLE_PREVIEWS = YES;
				INFOPLIST_FILE = macOS/Info.plist;
				LD_RUNPATH_SEARCH_PATHS = (
					"$(inherited)",
					"@executable_path/../Frameworks",
				);
				MACOSX_DEPLOYMENT_TARGET = 10.16;
				PRODUCT_BUNDLE_IDENTIFIER = Venkat.DeTeXt;
				PRODUCT_NAME = DeTeXt;
				SDKROOT = macosx;
				SWIFT_VERSION = 5.0;
			};
			name = Release;
		};
/* End XCBuildConfiguration section */

/* Begin XCConfigurationList section */
		821EE81E24FAB50C0058877D /* Build configuration list for PBXProject "DeTeXt" */ = {
			isa = XCConfigurationList;
			buildConfigurations = (
				821EE83924FAB50E0058877D /* Debug */,
				821EE83A24FAB50E0058877D /* Release */,
			);
			defaultConfigurationIsVisible = 0;
			defaultConfigurationName = Release;
		};
		821EE83B24FAB50E0058877D /* Build configuration list for PBXNativeTarget "iOS" */ = {
			isa = XCConfigurationList;
			buildConfigurations = (
				821EE83C24FAB50E0058877D /* Debug */,
				821EE83D24FAB50E0058877D /* Release */,
			);
			defaultConfigurationIsVisible = 0;
			defaultConfigurationName = Release;
		};
		821EE83E24FAB50E0058877D /* Build configuration list for PBXNativeTarget "macOS" */ = {
			isa = XCConfigurationList;
			buildConfigurations = (
				821EE83F24FAB50E0058877D /* Debug */,
				821EE84024FAB50E0058877D /* Release */,
			);
			defaultConfigurationIsVisible = 0;
			defaultConfigurationName = Release;
		};
/* End XCConfigurationList section */
	};
	rootObject = 821EE81B24FAB50C0058877D /* Project object */;
}
