// !$*UTF8*$!
{
	archiveVersion = 1;
	classes = {
	};
	objectVersion = 50;
	objects = {

/* Begin PBXBuildFile section */
		821EE83324FAB50E0058877D /* DeTeXtApp.swift in Sources */ = {isa = PBXBuildFile; fileRef = 821EE82024FAB50C0058877D /* DeTeXtApp.swift */; };
		821EE83524FAB50E0058877D /* CanvasView.swift in Sources */ = {isa = PBXBuildFile; fileRef = 821EE82124FAB50C0058877D /* CanvasView.swift */; };
		821EE83724FAB50E0058877D /* Assets.xcassets in Resources */ = {isa = PBXBuildFile; fileRef = 821EE82224FAB50E0058877D /* Assets.xcassets */; };
		821EE84524FAB54D0058877D /* AboutView.swift in Sources */ = {isa = PBXBuildFile; fileRef = 821EE84424FAB54D0058877D /* AboutView.swift */; };
		821EE84824FAB5520058877D /* ImageHelpers.swift in Sources */ = {isa = PBXBuildFile; fileRef = 821EE84724FAB5510058877D /* ImageHelpers.swift */; };
		821EE84E24FAB5660058877D /* symbols.json in Resources */ = {isa = PBXBuildFile; fileRef = 821EE84D24FAB5660058877D /* symbols.json */; };
		825C411424FEBDB100B02DF9 /* LoadSymbols.swift in Sources */ = {isa = PBXBuildFile; fileRef = 825C411324FEBDB100B02DF9 /* LoadSymbols.swift */; };
		829568E5250BC95200508BB0 /* SymbolsView.swift in Sources */ = {isa = PBXBuildFile; fileRef = 829568E4250BC95200508BB0 /* SymbolsView.swift */; };
		82AA17FF250A867700FFBE68 /* deTeXq.mlmodel in Sources */ = {isa = PBXBuildFile; fileRef = 82AA17FE250A867600FFBE68 /* deTeXq.mlmodel */; };
		82F1DF09250D25CD007749F0 /* IndexRequestHandler.swift in Sources */ = {isa = PBXBuildFile; fileRef = 82F1DF08250D25CD007749F0 /* IndexRequestHandler.swift */; };
		82F1DF0E250D25CD007749F0 /* DeTeXtSymbols.appex in Embed App Extensions */ = {isa = PBXBuildFile; fileRef = 82F1DF06250D25CD007749F0 /* DeTeXtSymbols.appex */; settings = {ATTRIBUTES = (RemoveHeadersOnCopy, ); }; };
/* End PBXBuildFile section */

/* Begin PBXContainerItemProxy section */
		82F1DF0B250D25CD007749F0 /* PBXContainerItemProxy */ = {
			isa = PBXContainerItemProxy;
			containerPortal = 821EE81B24FAB50C0058877D /* Project object */;
			proxyType = 1;
			remoteGlobalIDString = 82F1DF05250D25CD007749F0;
			remoteInfo = DeTeXtSymbols;
		};
/* End PBXContainerItemProxy section */

/* Begin PBXCopyFilesBuildPhase section */
		82F1DF0D250D25CD007749F0 /* Embed App Extensions */ = {
			isa = PBXCopyFilesBuildPhase;
			buildActionMask = 2147483647;
			dstPath = "";
			dstSubfolderSpec = 13;
			files = (
				82F1DF0E250D25CD007749F0 /* DeTeXtSymbols.appex in Embed App Extensions */,
			);
			name = "Embed App Extensions";
			runOnlyForDeploymentPostprocessing = 0;
		};
/* End PBXCopyFilesBuildPhase section */

/* Begin PBXFileReference section */
		821EE82024FAB50C0058877D /* DeTeXtApp.swift */ = {isa = PBXFileReference; lastKnownFileType = sourcecode.swift; path = DeTeXtApp.swift; sourceTree = "<group>"; };
		821EE82124FAB50C0058877D /* CanvasView.swift */ = {isa = PBXFileReference; lastKnownFileType = sourcecode.swift; path = CanvasView.swift; sourceTree = "<group>"; };
		821EE82224FAB50E0058877D /* Assets.xcassets */ = {isa = PBXFileReference; lastKnownFileType = folder.assetcatalog; path = Assets.xcassets; sourceTree = "<group>"; };
		821EE82724FAB50E0058877D /* DeTeXt.app */ = {isa = PBXFileReference; explicitFileType = wrapper.application; includeInIndex = 0; path = DeTeXt.app; sourceTree = BUILT_PRODUCTS_DIR; };
		821EE82A24FAB50E0058877D /* Info.plist */ = {isa = PBXFileReference; lastKnownFileType = text.plist.xml; path = Info.plist; sourceTree = "<group>"; };
		821EE84424FAB54D0058877D /* AboutView.swift */ = {isa = PBXFileReference; fileEncoding = 4; lastKnownFileType = sourcecode.swift; path = AboutView.swift; sourceTree = "<group>"; };
		821EE84724FAB5510058877D /* ImageHelpers.swift */ = {isa = PBXFileReference; fileEncoding = 4; lastKnownFileType = sourcecode.swift; path = ImageHelpers.swift; sourceTree = "<group>"; };
		821EE84D24FAB5660058877D /* symbols.json */ = {isa = PBXFileReference; fileEncoding = 4; lastKnownFileType = text.json; path = symbols.json; sourceTree = "<group>"; };
		825C411324FEBDB100B02DF9 /* LoadSymbols.swift */ = {isa = PBXFileReference; lastKnownFileType = sourcecode.swift; path = LoadSymbols.swift; sourceTree = "<group>"; };
		829568E4250BC95200508BB0 /* SymbolsView.swift */ = {isa = PBXFileReference; lastKnownFileType = sourcecode.swift; path = SymbolsView.swift; sourceTree = "<group>"; };
		82AA17FE250A867600FFBE68 /* deTeXq.mlmodel */ = {isa = PBXFileReference; lastKnownFileType = file.mlmodel; path = deTeXq.mlmodel; sourceTree = "<group>"; };
		82F1DF06250D25CD007749F0 /* DeTeXtSymbols.appex */ = {isa = PBXFileReference; explicitFileType = "wrapper.app-extension"; includeInIndex = 0; path = DeTeXtSymbols.appex; sourceTree = BUILT_PRODUCTS_DIR; };
		82F1DF08250D25CD007749F0 /* IndexRequestHandler.swift */ = {isa = PBXFileReference; lastKnownFileType = sourcecode.swift; path = IndexRequestHandler.swift; sourceTree = "<group>"; };
		82F1DF0A250D25CD007749F0 /* Info.plist */ = {isa = PBXFileReference; lastKnownFileType = text.plist.xml; path = Info.plist; sourceTree = "<group>"; };
/* End PBXFileReference section */

/* Begin PBXFrameworksBuildPhase section */
		821EE82424FAB50E0058877D /* Frameworks */ = {
			isa = PBXFrameworksBuildPhase;
			buildActionMask = 2147483647;
			files = (
			);
			runOnlyForDeploymentPostprocessing = 0;
		};
		82F1DF03250D25CD007749F0 /* Frameworks */ = {
			isa = PBXFrameworksBuildPhase;
			buildActionMask = 2147483647;
			files = (
			);
			runOnlyForDeploymentPostprocessing = 0;
		};
/* End PBXFrameworksBuildPhase section */

/* Begin PBXGroup section */
		821EE81A24FAB50C0058877D = {
			isa = PBXGroup;
			children = (
				821EE81F24FAB50C0058877D /* Shared */,
				821EE82924FAB50E0058877D /* iOS */,
				82F1DF07250D25CD007749F0 /* DeTeXtSymbols */,
				821EE82824FAB50E0058877D /* Products */,
			);
			sourceTree = "<group>";
		};
		821EE81F24FAB50C0058877D /* Shared */ = {
			isa = PBXGroup;
			children = (
				821EE82024FAB50C0058877D /* DeTeXtApp.swift */,
				821EE82124FAB50C0058877D /* CanvasView.swift */,
				829568E4250BC95200508BB0 /* SymbolsView.swift */,
				821EE84424FAB54D0058877D /* AboutView.swift */,
				821EE84724FAB5510058877D /* ImageHelpers.swift */,
				825C411324FEBDB100B02DF9 /* LoadSymbols.swift */,
				82AA17FE250A867600FFBE68 /* deTeXq.mlmodel */,
				821EE84D24FAB5660058877D /* symbols.json */,
				821EE82224FAB50E0058877D /* Assets.xcassets */,
			);
			path = Shared;
			sourceTree = "<group>";
		};
		821EE82824FAB50E0058877D /* Products */ = {
			isa = PBXGroup;
			children = (
				821EE82724FAB50E0058877D /* DeTeXt.app */,
				82F1DF06250D25CD007749F0 /* DeTeXtSymbols.appex */,
			);
			name = Products;
			sourceTree = "<group>";
		};
		821EE82924FAB50E0058877D /* iOS */ = {
			isa = PBXGroup;
			children = (
				821EE82A24FAB50E0058877D /* Info.plist */,
			);
			path = iOS;
			sourceTree = "<group>";
		};
		82F1DF07250D25CD007749F0 /* DeTeXtSymbols */ = {
			isa = PBXGroup;
			children = (
				82F1DF08250D25CD007749F0 /* IndexRequestHandler.swift */,
				82F1DF0A250D25CD007749F0 /* Info.plist */,
			);
			path = DeTeXtSymbols;
			sourceTree = "<group>";
		};
/* End PBXGroup section */

/* Begin PBXNativeTarget section */
		821EE82624FAB50E0058877D /* iOS */ = {
			isa = PBXNativeTarget;
			buildConfigurationList = 821EE83B24FAB50E0058877D /* Build configuration list for PBXNativeTarget "iOS" */;
			buildPhases = (
				821EE82324FAB50E0058877D /* Sources */,
				821EE82424FAB50E0058877D /* Frameworks */,
				821EE82524FAB50E0058877D /* Resources */,
				82F1DF0D250D25CD007749F0 /* Embed App Extensions */,
			);
			buildRules = (
			);
			dependencies = (
				82F1DF0C250D25CD007749F0 /* PBXTargetDependency */,
			);
			name = iOS;
			productName = iOS;
			productReference = 821EE82724FAB50E0058877D /* DeTeXt.app */;
			productType = "com.apple.product-type.application";
		};
		82F1DF05250D25CD007749F0 /* DeTeXtSymbols */ = {
			isa = PBXNativeTarget;
			buildConfigurationList = 82F1DF0F250D25CD007749F0 /* Build configuration list for PBXNativeTarget "DeTeXtSymbols" */;
			buildPhases = (
				82F1DF02250D25CD007749F0 /* Sources */,
				82F1DF03250D25CD007749F0 /* Frameworks */,
				82F1DF04250D25CD007749F0 /* Resources */,
			);
			buildRules = (
			);
			dependencies = (
			);
			name = DeTeXtSymbols;
			productName = DeTeXtSymbols;
			productReference = 82F1DF06250D25CD007749F0 /* DeTeXtSymbols.appex */;
			productType = "com.apple.product-type.app-extension";
		};
/* End PBXNativeTarget section */

/* Begin PBXProject section */
		821EE81B24FAB50C0058877D /* Project object */ = {
			isa = PBXProject;
			attributes = {
				LastSwiftUpdateCheck = 1200;
				LastUpgradeCheck = 1200;
				TargetAttributes = {
					821EE82624FAB50E0058877D = {
						CreatedOnToolsVersion = 12.0;
					};
					82F1DF05250D25CD007749F0 = {
						CreatedOnToolsVersion = 12.0;
					};
				};
			};
			buildConfigurationList = 821EE81E24FAB50C0058877D /* Build configuration list for PBXProject "DeTeXt" */;
			compatibilityVersion = "Xcode 9.3";
			developmentRegion = en;
			hasScannedForEncodings = 0;
			knownRegions = (
				en,
				Base,
			);
			mainGroup = 821EE81A24FAB50C0058877D;
			productRefGroup = 821EE82824FAB50E0058877D /* Products */;
			projectDirPath = "";
			projectRoot = "";
			targets = (
				821EE82624FAB50E0058877D /* iOS */,
				82F1DF05250D25CD007749F0 /* DeTeXtSymbols */,
			);
		};
/* End PBXProject section */

/* Begin PBXResourcesBuildPhase section */
		821EE82524FAB50E0058877D /* Resources */ = {
			isa = PBXResourcesBuildPhase;
			buildActionMask = 2147483647;
			files = (
				821EE83724FAB50E0058877D /* Assets.xcassets in Resources */,
				821EE84E24FAB5660058877D /* symbols.json in Resources */,
			);
			runOnlyForDeploymentPostprocessing = 0;
		};
		82F1DF04250D25CD007749F0 /* Resources */ = {
			isa = PBXResourcesBuildPhase;
			buildActionMask = 2147483647;
			files = (
			);
			runOnlyForDeploymentPostprocessing = 0;
		};
/* End PBXResourcesBuildPhase section */

/* Begin PBXSourcesBuildPhase section */
		821EE82324FAB50E0058877D /* Sources */ = {
			isa = PBXSourcesBuildPhase;
			buildActionMask = 2147483647;
			files = (
				82AA17FF250A867700FFBE68 /* deTeXq.mlmodel in Sources */,
				821EE83524FAB50E0058877D /* CanvasView.swift in Sources */,
				829568E5250BC95200508BB0 /* SymbolsView.swift in Sources */,
				825C411424FEBDB100B02DF9 /* LoadSymbols.swift in Sources */,
				821EE84524FAB54D0058877D /* AboutView.swift in Sources */,
				821EE83324FAB50E0058877D /* DeTeXtApp.swift in Sources */,
				821EE84824FAB5520058877D /* ImageHelpers.swift in Sources */,
			);
			runOnlyForDeploymentPostprocessing = 0;
		};
		82F1DF02250D25CD007749F0 /* Sources */ = {
			isa = PBXSourcesBuildPhase;
			buildActionMask = 2147483647;
			files = (
				82F1DF09250D25CD007749F0 /* IndexRequestHandler.swift in Sources */,
			);
			runOnlyForDeploymentPostprocessing = 0;
		};
/* End PBXSourcesBuildPhase section */

/* Begin PBXTargetDependency section */
		82F1DF0C250D25CD007749F0 /* PBXTargetDependency */ = {
			isa = PBXTargetDependency;
			target = 82F1DF05250D25CD007749F0 /* DeTeXtSymbols */;
			targetProxy = 82F1DF0B250D25CD007749F0 /* PBXContainerItemProxy */;
		};
/* End PBXTargetDependency section */

/* Begin XCBuildConfiguration section */
		821EE83924FAB50E0058877D /* Debug */ = {
			isa = XCBuildConfiguration;
			buildSettings = {
				ALWAYS_SEARCH_USER_PATHS = NO;
				CLANG_ANALYZER_NONNULL = YES;
				CLANG_ANALYZER_NUMBER_OBJECT_CONVERSION = YES_AGGRESSIVE;
				CLANG_CXX_LANGUAGE_STANDARD = "gnu++14";
				CLANG_CXX_LIBRARY = "libc++";
				CLANG_ENABLE_MODULES = YES;
				CLANG_ENABLE_OBJC_ARC = YES;
				CLANG_ENABLE_OBJC_WEAK = YES;
				CLANG_WARN_BLOCK_CAPTURE_AUTORELEASING = YES;
				CLANG_WARN_BOOL_CONVERSION = YES;
				CLANG_WARN_COMMA = YES;
				CLANG_WARN_CONSTANT_CONVERSION = YES;
				CLANG_WARN_DEPRECATED_OBJC_IMPLEMENTATIONS = YES;
				CLANG_WARN_DIRECT_OBJC_ISA_USAGE = YES_ERROR;
				CLANG_WARN_DOCUMENTATION_COMMENTS = YES;
				CLANG_WARN_EMPTY_BODY = YES;
				CLANG_WARN_ENUM_CONVERSION = YES;
				CLANG_WARN_INFINITE_RECURSION = YES;
				CLANG_WARN_INT_CONVERSION = YES;
				CLANG_WARN_NON_LITERAL_NULL_CONVERSION = YES;
				CLANG_WARN_OBJC_IMPLICIT_RETAIN_SELF = YES;
				CLANG_WARN_OBJC_LITERAL_CONVERSION = YES;
				CLANG_WARN_OBJC_ROOT_CLASS = YES_ERROR;
				CLANG_WARN_QUOTED_INCLUDE_IN_FRAMEWORK_HEADER = YES;
				CLANG_WARN_RANGE_LOOP_ANALYSIS = YES;
				CLANG_WARN_STRICT_PROTOTYPES = YES;
				CLANG_WARN_SUSPICIOUS_MOVE = YES;
				CLANG_WARN_UNGUARDED_AVAILABILITY = YES_AGGRESSIVE;
				CLANG_WARN_UNREACHABLE_CODE = YES;
				CLANG_WARN__DUPLICATE_METHOD_MATCH = YES;
				COPY_PHASE_STRIP = NO;
				DEBUG_INFORMATION_FORMAT = dwarf;
				ENABLE_STRICT_OBJC_MSGSEND = YES;
				ENABLE_TESTABILITY = YES;
				GCC_C_LANGUAGE_STANDARD = gnu11;
				GCC_DYNAMIC_NO_PIC = NO;
				GCC_NO_COMMON_BLOCKS = YES;
				GCC_OPTIMIZATION_LEVEL = 0;
				GCC_PREPROCESSOR_DEFINITIONS = (
					"DEBUG=1",
					"$(inherited)",
				);
				GCC_WARN_64_TO_32_BIT_CONVERSION = YES;
				GCC_WARN_ABOUT_RETURN_TYPE = YES_ERROR;
				GCC_WARN_UNDECLARED_SELECTOR = YES;
				GCC_WARN_UNINITIALIZED_AUTOS = YES_AGGRESSIVE;
				GCC_WARN_UNUSED_FUNCTION = YES;
				GCC_WARN_UNUSED_VARIABLE = YES;
				IPHONEOS_DEPLOYMENT_TARGET = 14.0;
				MTL_ENABLE_DEBUG_INFO = INCLUDE_SOURCE;
				MTL_FAST_MATH = YES;
				ONLY_ACTIVE_ARCH = YES;
				SWIFT_ACTIVE_COMPILATION_CONDITIONS = DEBUG;
				SWIFT_OPTIMIZATION_LEVEL = "-Onone";
			};
			name = Debug;
		};
		821EE83A24FAB50E0058877D /* Release */ = {
			isa = XCBuildConfiguration;
			buildSettings = {
				ALWAYS_SEARCH_USER_PATHS = NO;
				CLANG_ANALYZER_NONNULL = YES;
				CLANG_ANALYZER_NUMBER_OBJECT_CONVERSION = YES_AGGRESSIVE;
				CLANG_CXX_LANGUAGE_STANDARD = "gnu++14";
				CLANG_CXX_LIBRARY = "libc++";
				CLANG_ENABLE_MODULES = YES;
				CLANG_ENABLE_OBJC_ARC = YES;
				CLANG_ENABLE_OBJC_WEAK = YES;
				CLANG_WARN_BLOCK_CAPTURE_AUTORELEASING = YES;
				CLANG_WARN_BOOL_CONVERSION = YES;
				CLANG_WARN_COMMA = YES;
				CLANG_WARN_CONSTANT_CONVERSION = YES;
				CLANG_WARN_DEPRECATED_OBJC_IMPLEMENTATIONS = YES;
				CLANG_WARN_DIRECT_OBJC_ISA_USAGE = YES_ERROR;
				CLANG_WARN_DOCUMENTATION_COMMENTS = YES;
				CLANG_WARN_EMPTY_BODY = YES;
				CLANG_WARN_ENUM_CONVERSION = YES;
				CLANG_WARN_INFINITE_RECURSION = YES;
				CLANG_WARN_INT_CONVERSION = YES;
				CLANG_WARN_NON_LITERAL_NULL_CONVERSION = YES;
				CLANG_WARN_OBJC_IMPLICIT_RETAIN_SELF = YES;
				CLANG_WARN_OBJC_LITERAL_CONVERSION = YES;
				CLANG_WARN_OBJC_ROOT_CLASS = YES_ERROR;
				CLANG_WARN_QUOTED_INCLUDE_IN_FRAMEWORK_HEADER = YES;
				CLANG_WARN_RANGE_LOOP_ANALYSIS = YES;
				CLANG_WARN_STRICT_PROTOTYPES = YES;
				CLANG_WARN_SUSPICIOUS_MOVE = YES;
				CLANG_WARN_UNGUARDED_AVAILABILITY = YES_AGGRESSIVE;
				CLANG_WARN_UNREACHABLE_CODE = YES;
				CLANG_WARN__DUPLICATE_METHOD_MATCH = YES;
				COPY_PHASE_STRIP = NO;
				DEBUG_INFORMATION_FORMAT = "dwarf-with-dsym";
				ENABLE_NS_ASSERTIONS = NO;
				ENABLE_STRICT_OBJC_MSGSEND = YES;
				GCC_C_LANGUAGE_STANDARD = gnu11;
				GCC_NO_COMMON_BLOCKS = YES;
				GCC_WARN_64_TO_32_BIT_CONVERSION = YES;
				GCC_WARN_ABOUT_RETURN_TYPE = YES_ERROR;
				GCC_WARN_UNDECLARED_SELECTOR = YES;
				GCC_WARN_UNINITIALIZED_AUTOS = YES_AGGRESSIVE;
				GCC_WARN_UNUSED_FUNCTION = YES;
				GCC_WARN_UNUSED_VARIABLE = YES;
				IPHONEOS_DEPLOYMENT_TARGET = 14.0;
				MTL_ENABLE_DEBUG_INFO = NO;
				MTL_FAST_MATH = YES;
				SWIFT_COMPILATION_MODE = wholemodule;
				SWIFT_OPTIMIZATION_LEVEL = "-O";
			};
			name = Release;
		};
		821EE83C24FAB50E0058877D /* Debug */ = {
			isa = XCBuildConfiguration;
			buildSettings = {
				ALWAYS_EMBED_SWIFT_STANDARD_LIBRARIES = YES;
				ASSETCATALOG_COMPILER_APPICON_NAME = AppIcon;
				ASSETCATALOG_COMPILER_GLOBAL_ACCENT_COLOR_NAME = AccentColor;
				CODE_SIGN_STYLE = Automatic;
				DEVELOPMENT_TEAM = Z97T34PPN3;
				ENABLE_PREVIEWS = YES;
				INFOPLIST_FILE = iOS/Info.plist;
				IPHONEOS_DEPLOYMENT_TARGET = 14.0;
				LD_RUNPATH_SEARCH_PATHS = (
					"$(inherited)",
					"@executable_path/Frameworks",
				);
				PRODUCT_BUNDLE_IDENTIFIER = Venkat.DeTeXt;
				PRODUCT_NAME = DeTeXt;
				SDKROOT = iphoneos;
				SWIFT_VERSION = 5.0;
				TARGETED_DEVICE_FAMILY = 1;
			};
			name = Debug;
		};
		821EE83D24FAB50E0058877D /* Release */ = {
			isa = XCBuildConfiguration;
			buildSettings = {
				ALWAYS_EMBED_SWIFT_STANDARD_LIBRARIES = YES;
				ASSETCATALOG_COMPILER_APPICON_NAME = AppIcon;
				ASSETCATALOG_COMPILER_GLOBAL_ACCENT_COLOR_NAME = AccentColor;
				CODE_SIGN_STYLE = Automatic;
				DEVELOPMENT_TEAM = Z97T34PPN3;
				ENABLE_PREVIEWS = YES;
				INFOPLIST_FILE = iOS/Info.plist;
				IPHONEOS_DEPLOYMENT_TARGET = 14.0;
				LD_RUNPATH_SEARCH_PATHS = (
					"$(inherited)",
					"@executable_path/Frameworks",
				);
				PRODUCT_BUNDLE_IDENTIFIER = Venkat.DeTeXt;
				PRODUCT_NAME = DeTeXt;
				SDKROOT = iphoneos;
				SWIFT_VERSION = 5.0;
				TARGETED_DEVICE_FAMILY = 1;
				VALIDATE_PRODUCT = YES;
			};
			name = Release;
		};
		82F1DF10250D25CD007749F0 /* Debug */ = {
			isa = XCBuildConfiguration;
			buildSettings = {
				CODE_SIGN_STYLE = Automatic;
				DEVELOPMENT_TEAM = Z97T34PPN3;
				INFOPLIST_FILE = DeTeXtSymbols/Info.plist;
				LD_RUNPATH_SEARCH_PATHS = (
					"$(inherited)",
					"@executable_path/Frameworks",
					"@executable_path/../../Frameworks",
				);
				PRODUCT_BUNDLE_IDENTIFIER = Venkat.DeTeXt.DeTeXtSymbols;
				PRODUCT_NAME = "$(TARGET_NAME)";
				SDKROOT = iphoneos;
				SKIP_INSTALL = YES;
				SWIFT_VERSION = 5.0;
				TARGETED_DEVICE_FAMILY = "1,2";
			};
			name = Debug;
		};
		82F1DF11250D25CD007749F0 /* Release */ = {
			isa = XCBuildConfiguration;
			buildSettings = {
				CODE_SIGN_STYLE = Automatic;
				DEVELOPMENT_TEAM = Z97T34PPN3;
				INFOPLIST_FILE = DeTeXtSymbols/Info.plist;
				LD_RUNPATH_SEARCH_PATHS = (
					"$(inherited)",
					"@executable_path/Frameworks",
					"@executable_path/../../Frameworks",
				);
				PRODUCT_BUNDLE_IDENTIFIER = Venkat.DeTeXt.DeTeXtSymbols;
				PRODUCT_NAME = "$(TARGET_NAME)";
				SDKROOT = iphoneos;
				SKIP_INSTALL = YES;
				SWIFT_VERSION = 5.0;
				TARGETED_DEVICE_FAMILY = "1,2";
				VALIDATE_PRODUCT = YES;
			};
			name = Release;
		};
/* End XCBuildConfiguration section */

/* Begin XCConfigurationList section */
		821EE81E24FAB50C0058877D /* Build configuration list for PBXProject "DeTeXt" */ = {
			isa = XCConfigurationList;
			buildConfigurations = (
				821EE83924FAB50E0058877D /* Debug */,
				821EE83A24FAB50E0058877D /* Release */,
			);
			defaultConfigurationIsVisible = 0;
			defaultConfigurationName = Release;
		};
		821EE83B24FAB50E0058877D /* Build configuration list for PBXNativeTarget "iOS" */ = {
			isa = XCConfigurationList;
			buildConfigurations = (
				821EE83C24FAB50E0058877D /* Debug */,
				821EE83D24FAB50E0058877D /* Release */,
			);
			defaultConfigurationIsVisible = 0;
			defaultConfigurationName = Release;
		};
		82F1DF0F250D25CD007749F0 /* Build configuration list for PBXNativeTarget "DeTeXtSymbols" */ = {
			isa = XCConfigurationList;
			buildConfigurations = (
				82F1DF10250D25CD007749F0 /* Debug */,
				82F1DF11250D25CD007749F0 /* Release */,
			);
			defaultConfigurationIsVisible = 0;
			defaultConfigurationName = Release;
		};
/* End XCConfigurationList section */
	};
	rootObject = 821EE81B24FAB50C0058877D /* Project object */;
}
